# This file was autogenerated by Stack.
# You should not edit this file by hand.
# For more information, please see the documentation at:
#   https://docs.haskellstack.org/en/stable/lock_files

packages:
- completed:
    cabal-file:
      size: 4393
      sha256: 241cce45c6640c83554a8c57de62d03e001432c1ce86827a95f2a624740174fb
    name: pyrelude
    version: 0.1.0.0
    git: https://github.com/theGhostJW/pyrelude
    pantry-tree:
      size: 2198
      sha256: 85ce20fb69a67341508f135ceba20a289043084acde06bb59b8258775c5b0239
    commit: 556f97f5f6f135493460d6a96026d2d8e1b4f718
  original:
    git: https://github.com/theGhostJW/pyrelude
    commit: 556f97f5f6f135493460d6a96026d2d8e1b4f718
- completed:
    hackage: foundation-edge-0.0.3@sha256:ae2133074cb651379c101697a71fa0d3693d8780687c8ec8a13cb98c1fb48d7f,1496
    pantry-tree:
      size: 343
      sha256: df2c22efa6364287e1b5183bb2bbfac26598085d09431b69ac3e6b63f4187b03
  original:
    hackage: foundation-edge-0.0.3@sha256:ae2133074cb651379c101697a71fa0d3693d8780687c8ec8a13cb98c1fb48d7f
- completed:
    hackage: transformers-either-0.1.1@sha256:ec3d6fefd90e243b51aecebfc0ebc5db6381c261d473ea2df7ed7b501a8fb961,1501
    pantry-tree:
      size: 317
      sha256: a69c9cbc1d8340c63cc8a9bbd718e13a41869d30a7c84d27be94bbc04ad73a69
  original:
    hackage: transformers-either-0.1.1@sha256:ec3d6fefd90e243b51aecebfc0ebc5db6381c261d473ea2df7ed7b501a8fb961
- completed:
    hackage: discrimination-0.4@sha256:ad60cb42d42648ebc6f649ce761fe61cb58eca9e2b17a6b4fe68ed2e1fdd4146,2479
    pantry-tree:
      size: 923
      sha256: ef0f60170a3b47d7482f31fa8ba151209cb34ecc02d2422ef531e9b00d4cee00
  original:
    hackage: discrimination-0.4@sha256:ad60cb42d42648ebc6f649ce761fe61cb58eca9e2b17a6b4fe68ed2e1fdd4146
- completed:
    hackage: encode-string-0.1.0.0@sha256:b960508cede9547f5af3ade3d07ed79cbdb575ed128fcac1d7cff0a1162260ce,1864
    pantry-tree:
      size: 325
      sha256: 5274956f408e71d9f43b433a19df5f49660f65d1b9bde77f9ab362c8b7e85fe0
  original:
    hackage: encode-string-0.1.0.0@sha256:b960508cede9547f5af3ade3d07ed79cbdb575ed128fcac1d7cff0a1162260ce
snapshots:
- completed:
    size: 521697
    url: https://raw.githubusercontent.com/commercialhaskell/stackage-snapshots/master/nightly/2019/7/27.yaml
    sha256: 04abea78c29b5c667534d75da41d698645f4bad79dd3bb919c779bbef0dc499e
  original: nightly-2019-07-27
